Microsoft Visual Studio Solution File, Format Version 11.00
# Visual Studio 2008

Project("{A8472EFC-6886-11CB-C227-4D5979C113C4}") = "NewLittleSpy", "Assembly-CSharp.csproj", "{7BF1163D-054E-A718-02DD-0DF2233968F8}"
EndProject
Project("{A8472EFC-6886-11CB-C227-4D5979C113C4}") = "NewLittleSpy", "Assembly-CSharp-Editor.csproj", "{2C5585CB-96D0-2591-7B44-C3E858099F47}"
EndProject
Project("{A8472EFC-6886-11CB-C227-4D5979C113C4}") = "NewLittleSpy", "Assembly-UnityScript.unityproj", "{7EEF7F54-5F37-D2F9-0FD6-4F076F5CACF4}"
EndProject
Global
	GlobalSection(SolutionConfigurationPlatforms) = preSolution
		Debug|Any CPU = Debug|Any CPU
		Release|Any CPU = Release|Any CPU
	EndGlobalSection
	GlobalSection(ProjectConfigurationPlatforms) = postSolution
		{7BF1163D-054E-A718-02DD-0DF2233968F8}.Debug|Any CPU.ActiveCfg = Debug|Any CPU
		{7BF1163D-054E-A718-02DD-0DF2233968F8}.Debug|Any CPU.Build.0 = Debug|Any CPU
		{7BF1163D-054E-A718-02DD-0DF2233968F8}.Release|Any CPU.ActiveCfg = Release|Any CPU
		{7BF1163D-054E-A718-02DD-0DF2233968F8}.Release|Any CPU.Build.0 = Release|Any CPU
		{2C5585CB-96D0-2591-7B44-C3E858099F47}.Debug|Any CPU.ActiveCfg = Debug|Any CPU
		{2C5585CB-96D0-2591-7B44-C3E858099F47}.Debug|Any CPU.Build.0 = Debug|Any CPU
		{2C5585CB-96D0-2591-7B44-C3E858099F47}.Release|Any CPU.ActiveCfg = Release|Any CPU
		{2C5585CB-96D0-2591-7B44-C3E858099F47}.Release|Any CPU.Build.0 = Release|Any CPU
		{7EEF7F54-5F37-D2F9-0FD6-4F076F5CACF4}.Debug|Any CPU.ActiveCfg = Debug|Any CPU
		{7EEF7F54-5F37-D2F9-0FD6-4F076F5CACF4}.Debug|Any CPU.Build.0 = Debug|Any CPU
		{7EEF7F54-5F37-D2F9-0FD6-4F076F5CACF4}.Release|Any CPU.ActiveCfg = Release|Any CPU
		{7EEF7F54-5F37-D2F9-0FD6-4F076F5CACF4}.Release|Any CPU.Build.0 = Release|Any CPU
	EndGlobalSection
	GlobalSection(SolutionProperties) = preSolution
		HideSolutionNode = FALSE
	EndGlobalSection
													GlobalSection(MonoDevelopProperties) = preSolution
		StartupItem = Assembly-CSharp.csproj
		Policies = $0
		$0.TextStylePolicy = $1
		$1.inheritsSet = null
		$1.scope = text/x-csharp
		$0.CSharpFormattingPolicy = $2
		$2.inheritsSet = Mono
		$2.inheritsScope = text/x-csharp
		$2.scope = text/x-csharp
		$0.TextStylePolicy = $3
		$3.FileWidth = 120
		$3.TabWidth = 4
		$3.IndentWidth = 4
		$3.EolMarker = Unix
		$3.inheritsSet = Mono
		$3.inheritsScope = text/plain
		$3.scope = text/plain
	EndGlobalSection

EndGlobal
